
Microsoft Visual Studio Solution File, Format Version 12.00
# Visual Studio Version 17
VisualStudioVersion = 17.5.33627.172
MinimumVisualStudioVersion = 10.0.40219.1
Project("{FAE04EC0-301F-11D3-BF4B-00C04F79EFBC}") = "Test1", "Test1.csproj", "{49D008AD-30AE-4C43-824D-29F8E7633973}"
EndProject
Global
	GlobalSection(SolutionConfigurationPlatforms) = preSolution
		Debug|Any CPU = Debug|Any CPU
		Release|Any CPU = Release|Any CPU
	EndGlobalSection
	GlobalSection(ProjectConfigurationPlatforms) = postSolution
		{49D008AD-30AE-4C43-824D-29F8E7633973}.Debug|Any CPU.ActiveCfg = Debug|Any CPU
		{49D008AD-30AE-4C43-824D-29F8E7633973}.Debug|Any CPU.Build.0 = Debug|Any CPU
		{49D008AD-30AE-4C43-824D-29F8E7633973}.Release|Any CPU.ActiveCfg = Release|Any CPU
		{49D008AD-30AE-4C43-824D-29F8E7633973}.Release|Any CPU.Build.0 = Release|Any CPU
	EndGlobalSection
	GlobalSection(SolutionProperties) = preSolution
		HideSolutionNode = FALSE
	EndGlobalSection
	GlobalSection(ExtensibilityGlobals) = postSolution
		SolutionGuid = {237AD1D6-781A-48E4-866F-0C172AA8BC1F}
	EndGlobalSection
EndGlobal
